
Microsoft Visual Studio Solution File, Format Version 12.00
# Visual Studio Version 17
VisualStudioVersion = 17.3.32804.467
MinimumVisualStudioVersion = 10.0.40219.1
Project("{9A19103F-16F7-4668-BE54-9A1E7A4F7556}") = "webapi-com-ddd", "webapi-com-ddd\webapi-com-ddd.csproj", "{9F1A814E-917C-4393-905F-3D458D2D490C}"
EndProject
Global
	GlobalSection(SolutionConfigurationPlatforms) = preSolution
		Debug|Any CPU = Debug|Any CPU
		Release|Any CPU = Release|Any CPU
	EndGlobalSection
	GlobalSection(ProjectConfigurationPlatforms) = postSolution
		{9F1A814E-917C-4393-905F-3D458D2D490C}.Debug|Any CPU.ActiveCfg = Debug|Any CPU
		{9F1A814E-917C-4393-905F-3D458D2D490C}.Debug|Any CPU.Build.0 = Debug|Any CPU
		{9F1A814E-917C-4393-905F-3D458D2D490C}.Release|Any CPU.ActiveCfg = Release|Any CPU
		{9F1A814E-917C-4393-905F-3D458D2D490C}.Release|Any CPU.Build.0 = Release|Any CPU
	EndGlobalSection
	GlobalSection(SolutionProperties) = preSolution
		HideSolutionNode = FALSE
	EndGlobalSection
	GlobalSection(ExtensibilityGlobals) = postSolution
		SolutionGuid = {46949161-0FFE-48AA-A6CA-77BCD1E61D25}
	EndGlobalSection
EndGlobal
